
Microsoft Visual Studio Solution File, Format Version 12.00
# Visual Studio Version 17
VisualStudioVersion = 17.14.36511.14 d17.14
MinimumVisualStudioVersion = 10.0.40219.1
Project("{FAE04EC0-301F-11D3-BF4B-00C04F79EFBC}") = "Task2 SyncAsync", "Task2 SyncAsync.csproj", "{B18D8616-C7A6-4297-A117-5C765D3009F2}"
EndProject
Global
	GlobalSection(SolutionConfigurationPlatforms) = preSolution
		Debug|Any CPU = Debug|Any CPU
		Release|Any CPU = Release|Any CPU
	EndGlobalSection
	GlobalSection(ProjectConfigurationPlatforms) = postSolution
		{B18D8616-C7A6-4297-A117-5C765D3009F2}.Debug|Any CPU.ActiveCfg = Debug|Any CPU
		{B18D8616-C7A6-4297-A117-5C765D3009F2}.Debug|Any CPU.Build.0 = Debug|Any CPU
		{B18D8616-C7A6-4297-A117-5C765D3009F2}.Release|Any CPU.ActiveCfg = Release|Any CPU
		{B18D8616-C7A6-4297-A117-5C765D3009F2}.Release|Any CPU.Build.0 = Release|Any CPU
	EndGlobalSection
	GlobalSection(SolutionProperties) = preSolution
		HideSolutionNode = FALSE
	EndGlobalSection
	GlobalSection(ExtensibilityGlobals) = postSolution
		SolutionGuid = {4E904DEB-7223-499F-B623-192BBD8BD731}
	EndGlobalSection
EndGlobal
